// !$*UTF8*$!
{
	archiveVersion = 1;
	classes = {
	};
	objectVersion = 46;
	objects = {

/* Begin PBXBuildFile section */
		F6A12AAE1C7212840010CA9D /* ButtonTap.wav in Resources */ = {isa = PBXBuildFile; fileRef = F6A12AAB1C7212840010CA9D /* ButtonTap.wav */; };
		F6B574F11C71CAAD00584219 /* AppDelegate.swift in Sources */ = {isa = PBXBuildFile; fileRef = F6B574F01C71CAAD00584219 /* AppDelegate.swift */; };
		F6B574F31C71CAAD00584219 /* ViewController.swift in Sources */ = {isa = PBXBuildFile; fileRef = F6B574F21C71CAAD00584219 /* ViewController.swift */; };
		F6B574F61C71CAAD00584219 /* Main.storyboard in Resources */ = {isa = PBXBuildFile; fileRef = F6B574F41C71CAAD00584219 /* Main.storyboard */; };
		F6B574F81C71CAAD00584219 /* Assets.xcassets in Resources */ = {isa = PBXBuildFile; fileRef = F6B574F71C71CAAD00584219 /* Assets.xcassets */; };
		F6B574FB1C71CAAD00584219 /* LaunchScreen.storyboard in Resources */ = {isa = PBXBuildFile; fileRef = F6B574F91C71CAAD00584219 /* LaunchScreen.storyboard */; };
		F6F8DCBD1C71FE2A00C66D15 /* bg_tile.png in Resources */ = {isa = PBXBuildFile; fileRef = F6F8DCAC1C71FE2A00C66D15 /* bg_tile.png */; };
		F6F8DCBE1C71FE2A00C66D15 /* bg_tile@2x.png in Resources */ = {isa = PBXBuildFile; fileRef = F6F8DCAD1C71FE2A00C66D15 /* bg_tile@2x.png */; };
		F6F8DCBF1C71FE2A00C66D15 /* button_tap_deselected.png in Resources */ = {isa = PBXBuildFile; fileRef = F6F8DCAE1C71FE2A00C66D15 /* button_tap_deselected.png */; };
		F6F8DCC01C71FE2A00C66D15 /* button_tap_deselected@2x.png in Resources */ = {isa = PBXBuildFile; fileRef = F6F8DCAF1C71FE2A00C66D15 /* button_tap_deselected@2x.png */; };
		F6F8DCC11C71FE2A00C66D15 /* button_tap_selected.png in Resources */ = {isa = PBXBuildFile; fileRef = F6F8DCB01C71FE2A00C66D15 /* button_tap_selected.png */; };
		F6F8DCC21C71FE2A00C66D15 /* button_tap_selected@2x.png in Resources */ = {isa = PBXBuildFile; fileRef = F6F8DCB11C71FE2A00C66D15 /* button_tap_selected@2x.png */; };
		F6F8DCC31C71FE2A00C66D15 /* ButtonTap.wav in Resources */ = {isa = PBXBuildFile; fileRef = F6F8DCB21C71FE2A00C66D15 /* ButtonTap.wav */; };
		F6F8DCC41C71FE2A00C66D15 /* checker_bottom.png in Resources */ = {isa = PBXBuildFile; fileRef = F6F8DCB31C71FE2A00C66D15 /* checker_bottom.png */; };
		F6F8DCC51C71FE2A00C66D15 /* checker_bottom@2x.png in Resources */ = {isa = PBXBuildFile; fileRef = F6F8DCB41C71FE2A00C66D15 /* checker_bottom@2x.png */; };
		F6F8DCC61C71FE2A00C66D15 /* checker_top.png in Resources */ = {isa = PBXBuildFile; fileRef = F6F8DCB51C71FE2A00C66D15 /* checker_top.png */; };
		F6F8DCC71C71FE2A00C66D15 /* checker_top@2x.png in Resources */ = {isa = PBXBuildFile; fileRef = F6F8DCB61C71FE2A00C66D15 /* checker_top@2x.png */; };
		F6F8DCC81C71FE2A00C66D15 /* field_score.png in Resources */ = {isa = PBXBuildFile; fileRef = F6F8DCB71C71FE2A00C66D15 /* field_score.png */; };
		F6F8DCC91C71FE2A00C66D15 /* field_score@2x.png in Resources */ = {isa = PBXBuildFile; fileRef = F6F8DCB81C71FE2A00C66D15 /* field_score@2x.png */; };
		F6F8DCCA1C71FE2A00C66D15 /* field_time.png in Resources */ = {isa = PBXBuildFile; fileRef = F6F8DCB91C71FE2A00C66D15 /* field_time.png */; };
		F6F8DCCB1C71FE2A00C66D15 /* field_time@2x.png in Resources */ = {isa = PBXBuildFile; fileRef = F6F8DCBA1C71FE2A00C66D15 /* field_time@2x.png */; };
		F6F8DCCC1C71FE2A00C66D15 /* HallOfTheMountainKing.mp3 in Resources */ = {isa = PBXBuildFile; fileRef = F6F8DCBB1C71FE2A00C66D15 /* HallOfTheMountainKing.mp3 */; };
		F6F8DCCD1C71FE2A00C66D15 /* SecondBeep.wav in Resources */ = {isa = PBXBuildFile; fileRef = F6F8DCBC1C71FE2A00C66D15 /* SecondBeep.wav */; };
/* End PBXBuildFile section */

/* Begin PBXFileReference section */
		F6A12AAB1C7212840010CA9D /* ButtonTap.wav */ = {isa = PBXFileReference; lastKnownFileType = audio.wav; name = ButtonTap.wav; path = ../../../../Downloads/Sounds/ButtonTap.wav; sourceTree = "<group>"; };
		F6B574ED1C71CAAD00584219 /* TestS.app */ = {isa = PBXFileReference; explicitFileType = wrapper.application; includeInIndex = 0; path = TestS.app; sourceTree = BUILT_PRODUCTS_DIR; };
		F6B574F01C71CAAD00584219 /* AppDelegate.swift */ = {isa = PBXFileReference; lastKnownFileType = sourcecode.swift; path = AppDelegate.swift; sourceTree = "<group>"; };
		F6B574F21C71CAAD00584219 /* ViewController.swift */ = {isa = PBXFileReference; lastKnownFileType = sourcecode.swift; path = ViewController.swift; sourceTree = "<group>"; };
		F6B574F51C71CAAD00584219 /* Base */ = {isa = PBXFileReference; lastKnownFileType = file.storyboard; name = Base; path = Base.lproj/Main.storyboard; sourceTree = "<group>"; };
		F6B574F71C71CAAD00584219 /* Assets.xcassets */ = {isa = PBXFileReference; lastKnownFileType = folder.assetcatalog; path = Assets.xcassets; sourceTree = "<group>"; };
		F6B574FA1C71CAAD00584219 /* Base */ = {isa = PBXFileReference; lastKnownFileType = file.storyboard; name = Base; path = Base.lproj/LaunchScreen.storyboard; sourceTree = "<group>"; };
		F6B574FC1C71CAAD00584219 /* Info.plist */ = {isa = PBXFileReference; lastKnownFileType = text.plist.xml; path = Info.plist; sourceTree = "<group>"; };
		F6F8DCAC1C71FE2A00C66D15 /* bg_tile.png */ = {isa = PBXFileReference; lastKnownFileType = image.png; name = bg_tile.png; path = ../../../../Downloads/TapMe_Resources/bg_tile.png; sourceTree = "<group>"; };
		F6F8DCAD1C71FE2A00C66D15 /* bg_tile@2x.png */ = {isa = PBXFileReference; lastKnownFileType = image.png; name = "bg_tile@2x.png"; path = "../../../../Downloads/TapMe_Resources/bg_tile@2x.png"; sourceTree = "<group>"; };
		F6F8DCAE1C71FE2A00C66D15 /* button_tap_deselected.png */ = {isa = PBXFileReference; lastKnownFileType = image.png; name = button_tap_deselected.png; path = ../../../../Downloads/TapMe_Resources/button_tap_deselected.png; sourceTree = "<group>"; };
		F6F8DCAF1C71FE2A00C66D15 /* button_tap_deselected@2x.png */ = {isa = PBXFileReference; lastKnownFileType = image.png; name = "button_tap_deselected@2x.png"; path = "../../../../Downloads/TapMe_Resources/button_tap_deselected@2x.png"; sourceTree = "<group>"; };
		F6F8DCB01C71FE2A00C66D15 /* button_tap_selected.png */ = {isa = PBXFileReference; lastKnownFileType = image.png; name = button_tap_selected.png; path = ../../../../Downloads/TapMe_Resources/button_tap_selected.png; sourceTree = "<group>"; };
		F6F8DCB11C71FE2A00C66D15 /* button_tap_selected@2x.png */ = {isa = PBXFileReference; lastKnownFileType = image.png; name = "button_tap_selected@2x.png"; path = "../../../../Downloads/TapMe_Resources/button_tap_selected@2x.png"; sourceTree = "<group>"; };
		F6F8DCB21C71FE2A00C66D15 /* ButtonTap.wav */ = {isa = PBXFileReference; lastKnownFileType = audio.wav; name = ButtonTap.wav; path = ../../../../Downloads/TapMe_Resources/ButtonTap.wav; sourceTree = "<group>"; };
		F6F8DCB31C71FE2A00C66D15 /* checker_bottom.png */ = {isa = PBXFileReference; lastKnownFileType = image.png; name = checker_bottom.png; path = ../../../../Downloads/TapMe_Resources/checker_bottom.png; sourceTree = "<group>"; };
		F6F8DCB41C71FE2A00C66D15 /* checker_bottom@2x.png */ = {isa = PBXFileReference; lastKnownFileType = image.png; name = "checker_bottom@2x.png"; path = "../../../../Downloads/TapMe_Resources/checker_bottom@2x.png"; sourceTree = "<group>"; };
		F6F8DCB51C71FE2A00C66D15 /* checker_top.png */ = {isa = PBXFileReference; lastKnownFileType = image.png; name = checker_top.png; path = ../../../../Downloads/TapMe_Resources/checker_top.png; sourceTree = "<group>"; };
		F6F8DCB61C71FE2A00C66D15 /* checker_top@2x.png */ = {isa = PBXFileReference; lastKnownFileType = image.png; name = "checker_top@2x.png"; path = "../../../../Downloads/TapMe_Resources/checker_top@2x.png"; sourceTree = "<group>"; };
		F6F8DCB71C71FE2A00C66D15 /* field_score.png */ = {isa = PBXFileReference; lastKnownFileType = image.png; name = field_score.png; path = ../../../../Downloads/TapMe_Resources/field_score.png; sourceTree = "<group>"; };
		F6F8DCB81C71FE2A00C66D15 /* field_score@2x.png */ = {isa = PBXFileReference; lastKnownFileType = image.png; name = "field_score@2x.png"; path = "../../../../Downloads/TapMe_Resources/field_score@2x.png"; sourceTree = "<group>"; };
		F6F8DCB91C71FE2A00C66D15 /* field_time.png */ = {isa = PBXFileReference; lastKnownFileType = image.png; name = field_time.png; path = ../../../../Downloads/TapMe_Resources/field_time.png; sourceTree = "<group>"; };
		F6F8DCBA1C71FE2A00C66D15 /* field_time@2x.png */ = {isa = PBXFileReference; lastKnownFileType = image.png; name = "field_time@2x.png"; path = "../../../../Downloads/TapMe_Resources/field_time@2x.png"; sourceTree = "<group>"; };
		F6F8DCBB1C71FE2A00C66D15 /* HallOfTheMountainKing.mp3 */ = {isa = PBXFileReference; lastKnownFileType = audio.mp3; name = HallOfTheMountainKing.mp3; path = ../../../../Downloads/TapMe_Resources/HallOfTheMountainKing.mp3; sourceTree = "<group>"; };
		F6F8DCBC1C71FE2A00C66D15 /* SecondBeep.wav */ = {isa = PBXFileReference; lastKnownFileType = audio.wav; name = SecondBeep.wav; path = ../../../../Downloads/TapMe_Resources/SecondBeep.wav; sourceTree = "<group>"; };
/* End PBXFileReference section */

/* Begin PBXFrameworksBuildPhase section */
		F6B574EA1C71CAAD00584219 /* Frameworks */ = {
			isa = PBXFrameworksBuildPhase;
			buildActionMask = 2147483647;
			files = (
			);
			runOnlyForDeploymentPostprocessing = 0;
		};
/* End PBXFrameworksBuildPhase section */

/* Begin PBXGroup section */
		F6B574E41C71CAAD00584219 = {
			isa = PBXGroup;
			children = (
				F6B574EF1C71CAAD00584219 /* TestS */,
				F6B574EE1C71CAAD00584219 /* Products */,
			);
			sourceTree = "<group>";
		};
		F6B574EE1C71CAAD00584219 /* Products */ = {
			isa = PBXGroup;
			children = (
				F6B574ED1C71CAAD00584219 /* TestS.app */,
			);
			name = Products;
			sourceTree = "<group>";
		};
		F6B574EF1C71CAAD00584219 /* TestS */ = {
			isa = PBXGroup;
			children = (
				F6B574F01C71CAAD00584219 /* AppDelegate.swift */,
				F6B574F21C71CAAD00584219 /* ViewController.swift */,
				F6B574F41C71CAAD00584219 /* Main.storyboard */,
				F6B574F71C71CAAD00584219 /* Assets.xcassets */,
				F6B574F91C71CAAD00584219 /* LaunchScreen.storyboard */,
				F6B574FC1C71CAAD00584219 /* Info.plist */,
				F6F8DCAC1C71FE2A00C66D15 /* bg_tile.png */,
				F6F8DCAD1C71FE2A00C66D15 /* bg_tile@2x.png */,
				F6F8DCAE1C71FE2A00C66D15 /* button_tap_deselected.png */,
				F6F8DCAF1C71FE2A00C66D15 /* button_tap_deselected@2x.png */,
				F6F8DCB01C71FE2A00C66D15 /* button_tap_selected.png */,
				F6F8DCB11C71FE2A00C66D15 /* button_tap_selected@2x.png */,
				F6F8DCB21C71FE2A00C66D15 /* ButtonTap.wav */,
				F6F8DCB31C71FE2A00C66D15 /* checker_bottom.png */,
				F6F8DCB41C71FE2A00C66D15 /* checker_bottom@2x.png */,
				F6F8DCB51C71FE2A00C66D15 /* checker_top.png */,
				F6F8DCB61C71FE2A00C66D15 /* checker_top@2x.png */,
				F6F8DCB71C71FE2A00C66D15 /* field_score.png */,
				F6F8DCB81C71FE2A00C66D15 /* field_score@2x.png */,
				F6F8DCB91C71FE2A00C66D15 /* field_time.png */,
				F6F8DCBA1C71FE2A00C66D15 /* field_time@2x.png */,
				F6F8DCBB1C71FE2A00C66D15 /* HallOfTheMountainKing.mp3 */,
				F6A12AAB1C7212840010CA9D /* ButtonTap.wav */,
				F6F8DCBC1C71FE2A00C66D15 /* SecondBeep.wav */,
			);
			path = TestS;
			sourceTree = "<group>";
		};
/* End PBXGroup section */

/* Begin PBXNativeTarget section */
		F6B574EC1C71CAAD00584219 /* TestS */ = {
			isa = PBXNativeTarget;
			buildConfigurationList = F6B574FF1C71CAAD00584219 /* Build configuration list for PBXNativeTarget "TestS" */;
			buildPhases = (
				F6B574E91C71CAAD00584219 /* Sources */,
				F6B574EA1C71CAAD00584219 /* Frameworks */,
				F6B574EB1C71CAAD00584219 /* Resources */,
			);
			buildRules = (
			);
			dependencies = (
			);
			name = TestS;
			productName = TestS;
			productReference = F6B574ED1C71CAAD00584219 /* TestS.app */;
			productType = "com.apple.product-type.application";
		};
/* End PBXNativeTarget section */

/* Begin PBXProject section */
		F6B574E51C71CAAD00584219 /* Project object */ = {
			isa = PBXProject;
			attributes = {
				LastSwiftUpdateCheck = 0720;
				LastUpgradeCheck = 0720;
				ORGANIZATIONNAME = "DATEV Mobile";
				TargetAttributes = {
					F6B574EC1C71CAAD00584219 = {
						CreatedOnToolsVersion = 7.2;
					};
				};
			};
			buildConfigurationList = F6B574E81C71CAAD00584219 /* Build configuration list for PBXProject "TestS" */;
			compatibilityVersion = "Xcode 3.2";
			developmentRegion = English;
			hasScannedForEncodings = 0;
			knownRegions = (
				en,
				Base,
			);
			mainGroup = F6B574E41C71CAAD00584219;
			productRefGroup = F6B574EE1C71CAAD00584219 /* Products */;
			projectDirPath = "";
			projectRoot = "";
			targets = (
				F6B574EC1C71CAAD00584219 /* TestS */,
			);
		};
/* End PBXProject section */

/* Begin PBXResourcesBuildPhase section */
		F6B574EB1C71CAAD00584219 /* Resources */ = {
			isa = PBXResourcesBuildPhase;
			buildActionMask = 2147483647;
			files = (
				F6F8DCBD1C71FE2A00C66D15 /* bg_tile.png in Resources */,
				F6B574FB1C71CAAD00584219 /* LaunchScreen.storyboard in Resources */,
				F6F8DCCB1C71FE2A00C66D15 /* field_time@2x.png in Resources */,
				F6F8DCC11C71FE2A00C66D15 /* button_tap_selected.png in Resources */,
				F6B574F81C71CAAD00584219 /* Assets.xcassets in Resources */,
				F6F8DCC21C71FE2A00C66D15 /* button_tap_selected@2x.png in Resources */,
				F6F8DCCD1C71FE2A00C66D15 /* SecondBeep.wav in Resources */,
				F6F8DCBF1C71FE2A00C66D15 /* button_tap_deselected.png in Resources */,
				F6F8DCC71C71FE2A00C66D15 /* checker_top@2x.png in Resources */,
				F6B574F61C71CAAD00584219 /* Main.storyboard in Resources */,
				F6F8DCC41C71FE2A00C66D15 /* checker_bottom.png in Resources */,
				F6F8DCC61C71FE2A00C66D15 /* checker_top.png in Resources */,
				F6F8DCC01C71FE2A00C66D15 /* button_tap_deselected@2x.png in Resources */,
				F6F8DCC81C71FE2A00C66D15 /* field_score.png in Resources */,
				F6F8DCCA1C71FE2A00C66D15 /* field_time.png in Resources */,
				F6F8DCC31C71FE2A00C66D15 /* ButtonTap.wav in Resources */,
				F6F8DCBE1C71FE2A00C66D15 /* bg_tile@2x.png in Resources */,
				F6F8DCC91C71FE2A00C66D15 /* field_score@2x.png in Resources */,
				F6A12AAE1C7212840010CA9D /* ButtonTap.wav in Resources */,
				F6F8DCC51C71FE2A00C66D15 /* checker_bottom@2x.png in Resources */,
				F6F8DCCC1C71FE2A00C66D15 /* HallOfTheMountainKing.mp3 in Resources */,
			);
			runOnlyForDeploymentPostprocessing = 0;
		};
/* End PBXResourcesBuildPhase section */

/* Begin PBXSourcesBuildPhase section */
		F6B574E91C71CAAD00584219 /* Sources */ = {
			isa = PBXSourcesBuildPhase;
			buildActionMask = 2147483647;
			files = (
				F6B574F31C71CAAD00584219 /* ViewController.swift in Sources */,
				F6B574F11C71CAAD00584219 /* AppDelegate.swift in Sources */,
			);
			runOnlyForDeploymentPostprocessing = 0;
		};
/* End PBXSourcesBuildPhase section */

/* Begin PBXVariantGroup section */
		F6B574F41C71CAAD00584219 /* Main.storyboard */ = {
			isa = PBXVariantGroup;
			children = (
				F6B574F51C71CAAD00584219 /* Base */,
			);
			name = Main.storyboard;
			sourceTree = "<group>";
		};
		F6B574F91C71CAAD00584219 /* LaunchScreen.storyboard */ = {
			isa = PBXVariantGroup;
			children = (
				F6B574FA1C71CAAD00584219 /* Base */,
			);
			name = LaunchScreen.storyboard;
			sourceTree = "<group>";
		};
/* End PBXVariantGroup section */

/* Begin XCBuildConfiguration section */
		F6B574FD1C71CAAD00584219 /* Debug */ = {
			isa = XCBuildConfiguration;
			buildSettings = {
				ALWAYS_SEARCH_USER_PATHS = NO;
				CLANG_CXX_LANGUAGE_STANDARD = "gnu++0x";
				CLANG_CXX_LIBRARY = "libc++";
				CLANG_ENABLE_MODULES = YES;
				CLANG_ENABLE_OBJC_ARC = YES;
				CLANG_WARN_BOOL_CONVERSION = YES;
				CLANG_WARN_CONSTANT_CONVERSION = YES;
				CLANG_WARN_DIRECT_OBJC_ISA_USAGE = YES_ERROR;
				CLANG_WARN_EMPTY_BODY = YES;
				CLANG_WARN_ENUM_CONVERSION = YES;
				CLANG_WARN_INT_CONVERSION = YES;
				CLANG_WARN_OBJC_ROOT_CLASS = YES_ERROR;
				CLANG_WARN_UNREACHABLE_CODE = YES;
				CLANG_WARN__DUPLICATE_METHOD_MATCH = YES;
				"CODE_SIGN_IDENTITY[sdk=iphoneos*]" = "iPhone Developer";
				COPY_PHASE_STRIP = NO;
				DEBUG_INFORMATION_FORMAT = dwarf;
				ENABLE_STRICT_OBJC_MSGSEND = YES;
				ENABLE_TESTABILITY = YES;
				GCC_C_LANGUAGE_STANDARD = gnu99;
				GCC_DYNAMIC_NO_PIC = NO;
				GCC_NO_COMMON_BLOCKS = YES;
				GCC_OPTIMIZATION_LEVEL = 0;
				GCC_PREPROCESSOR_DEFINITIONS = (
					"DEBUG=1",
					"$(inherited)",
				);
				GCC_WARN_64_TO_32_BIT_CONVERSION = YES;
				GCC_WARN_ABOUT_RETURN_TYPE = YES_ERROR;
				GCC_WARN_UNDECLARED_SELECTOR = YES;
				GCC_WARN_UNINITIALIZED_AUTOS = YES_AGGRESSIVE;
				GCC_WARN_UNUSED_FUNCTION = YES;
				GCC_WARN_UNUSED_VARIABLE = YES;
				IPHONEOS_DEPLOYMENT_TARGET = 9.2;
				MTL_ENABLE_DEBUG_INFO = YES;
				ONLY_ACTIVE_ARCH = YES;
				SDKROOT = iphoneos;
				SWIFT_OPTIMIZATION_LEVEL = "-Onone";
				TARGETED_DEVICE_FAMILY = "1,2";
			};
			name = Debug;
		};
		F6B574FE1C71CAAD00584219 /* Release */ = {
			isa = XCBuildConfiguration;
			buildSettings = {
				ALWAYS_SEARCH_USER_PATHS = NO;
				CLANG_CXX_LANGUAGE_STANDARD = "gnu++0x";
				CLANG_CXX_LIBRARY = "libc++";
				CLANG_ENABLE_MODULES = YES;
				CLANG_ENABLE_OBJC_ARC = YES;
				CLANG_WARN_BOOL_CONVERSION = YES;
				CLANG_WARN_CONSTANT_CONVERSION = YES;
				CLANG_WARN_DIRECT_OBJC_ISA_USAGE = YES_ERROR;
				CLANG_WARN_EMPTY_BODY = YES;
				CLANG_WARN_ENUM_CONVERSION = YES;
				CLANG_WARN_INT_CONVERSION = YES;
				CLANG_WARN_OBJC_ROOT_CLASS = YES_ERROR;
				CLANG_WARN_UNREACHABLE_CODE = YES;
				CLANG_WARN__DUPLICATE_METHOD_MATCH = YES;
				"CODE_SIGN_IDENTITY[sdk=iphoneos*]" = "iPhone Developer";
				COPY_PHASE_STRIP = NO;
				DEBUG_INFORMATION_FORMAT = "dwarf-with-dsym";
				ENABLE_NS_ASSERTIONS = NO;
				ENABLE_STRICT_OBJC_MSGSEND = YES;
				GCC_C_LANGUAGE_STANDARD = gnu99;
				GCC_NO_COMMON_BLOCKS = YES;
				GCC_WARN_64_TO_32_BIT_CONVERSION = YES;
				GCC_WARN_ABOUT_RETURN_TYPE = YES_ERROR;
				GCC_WARN_UNDECLARED_SELECTOR = YES;
				GCC_WARN_UNINITIALIZED_AUTOS = YES_AGGRESSIVE;
				GCC_WARN_UNUSED_FUNCTION = YES;
				GCC_WARN_UNUSED_VARIABLE = YES;
				IPHONEOS_DEPLOYMENT_TARGET = 9.2;
				MTL_ENABLE_DEBUG_INFO = NO;
				SDKROOT = iphoneos;
				TARGETED_DEVICE_FAMILY = "1,2";
				VALIDATE_PRODUCT = YES;
			};
			name = Release;
		};
		F6B575001C71CAAD00584219 /* Debug */ = {
			isa = XCBuildConfiguration;
			buildSettings = {
				ASSETCATALOG_COMPILER_APPICON_NAME = AppIcon;
				INFOPLIST_FILE = TestS/Info.plist;
				LD_RUNPATH_SEARCH_PATHS = "$(inherited) @executable_path/Frameworks";
				PRODUCT_BUNDLE_IDENTIFIER = de.datevmobile.tests.TestS;
				PRODUCT_NAME = "$(TARGET_NAME)";
			};
			name = Debug;
		};
		F6B575011C71CAAD00584219 /* Release */ = {
			isa = XCBuildConfiguration;
			buildSettings = {
				ASSETCATALOG_COMPILER_APPICON_NAME = AppIcon;
				INFOPLIST_FILE = TestS/Info.plist;
				LD_RUNPATH_SEARCH_PATHS = "$(inherited) @executable_path/Frameworks";
				PRODUCT_BUNDLE_IDENTIFIER = de.datevmobile.tests.TestS;
				PRODUCT_NAME = "$(TARGET_NAME)";
			};
			name = Release;
		};
/* End XCBuildConfiguration section */

/* Begin XCConfigurationList section */
		F6B574E81C71CAAD00584219 /* Build configuration list for PBXProject "TestS" */ = {
			isa = XCConfigurationList;
			buildConfigurations = (
				F6B574FD1C71CAAD00584219 /* Debug */,
				F6B574FE1C71CAAD00584219 /* Release */,
			);
			defaultConfigurationIsVisible = 0;
			defaultConfigurationName = Release;
		};
		F6B574FF1C71CAAD00584219 /* Build configuration list for PBXNativeTarget "TestS" */ = {
			isa = XCConfigurationList;
			buildConfigurations = (
				F6B575001C71CAAD00584219 /* Debug */,
				F6B575011C71CAAD00584219 /* Release */,
			);
			defaultConfigurationIsVisible = 0;
			defaultConfigurationName = Release;
		};
/* End XCConfigurationList section */
	};
	rootObject = F6B574E51C71CAAD00584219 /* Project object */;
}
